{
  "name": "nlpprojects",
  "lockfileVersion": 2,
  "requires": true,
  "packages": {
    "": {
      "dependencies": {
        "@vue-stripe/vue-stripe": "^4.2.5"
      }
    },
    "node_modules/@stripe/stripe-js": {
      "version": "1.16.0",
      "resolved": "https://registry.npmjs.org/@stripe/stripe-js/-/stripe-js-1.16.0.tgz",
      "integrity": "sha512-ZSHbiwTrISoaTbpercmYGuY7QTg7HxfFyNgbJBaYbwHWbzMhpEdGTsmMpaBXIU6iiqwEEDaIyD8O6yJ+H5DWCg=="
    },
    "node_modules/@vue-stripe/vue-stripe": {
      "version": "4.2.5",
      "resolved": "https://registry.npmjs.org/@vue-stripe/vue-stripe/-/vue-stripe-4.2.5.tgz",
      "integrity": "sha512-LoEMHnlnI2+GzfKUNzCLtqOq+SWxkkDRUpLqb6TfXaOnnempJYpVm15i3E8ac2MOlc2VBzf4LJV2Wmp2Z369fg==",
      "dependencies": {
        "@stripe/stripe-js": "^1.13.2",
        "vue-coerce-props": "^1.0.0"
      }
    },
    "node_modules/vue-coerce-props": {
      "version": "1.0.0",
      "resolved": "https://registry.npmjs.org/vue-coerce-props/-/vue-coerce-props-1.0.0.tgz",
      "integrity": "sha512-4fdRMXO6FHzmE7H4soAph6QmPg3sL/RiGdd+axuxuU07f02LNMns0jMM88fmt1bvSbN+2Wyd8raho6p6nXUzag=="
    }
  },
  "dependencies": {
    "@stripe/stripe-js": {
      "version": "1.16.0",
      "resolved": "https://registry.npmjs.org/@stripe/stripe-js/-/stripe-js-1.16.0.tgz",
      "integrity": "sha512-ZSHbiwTrISoaTbpercmYGuY7QTg7HxfFyNgbJBaYbwHWbzMhpEdGTsmMpaBXIU6iiqwEEDaIyD8O6yJ+H5DWCg=="
    },
    "@vue-stripe/vue-stripe": {
      "version": "4.2.5",
      "resolved": "https://registry.npmjs.org/@vue-stripe/vue-stripe/-/vue-stripe-4.2.5.tgz",
      "integrity": "sha512-LoEMHnlnI2+GzfKUNzCLtqOq+SWxkkDRUpLqb6TfXaOnnempJYpVm15i3E8ac2MOlc2VBzf4LJV2Wmp2Z369fg==",
      "requires": {
        "@stripe/stripe-js": "^1.13.2",
        "vue-coerce-props": "^1.0.0"
      }
    },
    "vue-coerce-props": {
      "version": "1.0.0",
      "resolved": "https://registry.npmjs.org/vue-coerce-props/-/vue-coerce-props-1.0.0.tgz",
      "integrity": "sha512-4fdRMXO6FHzmE7H4soAph6QmPg3sL/RiGdd+axuxuU07f02LNMns0jMM88fmt1bvSbN+2Wyd8raho6p6nXUzag=="
    }
  }
}
